// !$*UTF8*$!
{
	archiveVersion = 1;
	classes = {
	};
	objectVersion = 46;
	objects = {

/* Begin PBXBuildFile section */
		CE610D7C1AC49ED100A318F3 /* RecordedAudio.swift in Sources */ = {isa = PBXBuildFile; fileRef = CE610D7B1AC49ED100A318F3 /* RecordedAudio.swift */; };
		CEA2C1791AAD21F600CC98F8 /* AppDelegate.swift in Sources */ = {isa = PBXBuildFile; fileRef = CEA2C1781AAD21F600CC98F8 /* AppDelegate.swift */; };
		CEA2C17B1AAD21F600CC98F8 /* RecordSoundsViewController.swift in Sources */ = {isa = PBXBuildFile; fileRef = CEA2C17A1AAD21F600CC98F8 /* RecordSoundsViewController.swift */; };
		CEA2C17E1AAD21F600CC98F8 /* Main.storyboard in Resources */ = {isa = PBXBuildFile; fileRef = CEA2C17C1AAD21F600CC98F8 /* Main.storyboard */; };
		CEA2C1801AAD21F600CC98F8 /* Images.xcassets in Resources */ = {isa = PBXBuildFile; fileRef = CEA2C17F1AAD21F600CC98F8 /* Images.xcassets */; };
		CEA2C1831AAD21F600CC98F8 /* LaunchScreen.xib in Resources */ = {isa = PBXBuildFile; fileRef = CEA2C1811AAD21F600CC98F8 /* LaunchScreen.xib */; };
		CEA2C18F1AAD21F600CC98F8 /* PitchPerfectTests.swift in Sources */ = {isa = PBXBuildFile; fileRef = CEA2C18E1AAD21F600CC98F8 /* PitchPerfectTests.swift */; };
		CEC8846B1ABA40F00074D27D /* PlaySoundsViewController.swift in Sources */ = {isa = PBXBuildFile; fileRef = CEC8846A1ABA40F00074D27D /* PlaySoundsViewController.swift */; };
/* End PBXBuildFile section */

/* Begin PBXContainerItemProxy section */
		CEA2C1891AAD21F600CC98F8 /* PBXContainerItemProxy */ = {
			isa = PBXContainerItemProxy;
			containerPortal = CEA2C16B1AAD21F600CC98F8 /* Project object */;
			proxyType = 1;
			remoteGlobalIDString = CEA2C1721AAD21F600CC98F8;
			remoteInfo = PitchPerfect;
		};
/* End PBXContainerItemProxy section */

/* Begin PBXFileReference section */
		CE610D7B1AC49ED100A318F3 /* RecordedAudio.swift */ = {isa = PBXFileReference; fileEncoding = 4; lastKnownFileType = sourcecode.swift; path = RecordedAudio.swift; sourceTree = "<group>"; };
		CEA2C1731AAD21F600CC98F8 /* PitchPerfect.app */ = {isa = PBXFileReference; explicitFileType = wrapper.application; includeInIndex = 0; path = PitchPerfect.app; sourceTree = BUILT_PRODUCTS_DIR; };
		CEA2C1771AAD21F600CC98F8 /* Info.plist */ = {isa = PBXFileReference; lastKnownFileType = text.plist.xml; path = Info.plist; sourceTree = "<group>"; };
		CEA2C1781AAD21F600CC98F8 /* AppDelegate.swift */ = {isa = PBXFileReference; lastKnownFileType = sourcecode.swift; path = AppDelegate.swift; sourceTree = "<group>"; };
		CEA2C17A1AAD21F600CC98F8 /* RecordSoundsViewController.swift */ = {isa = PBXFileReference; lastKnownFileType = sourcecode.swift; path = RecordSoundsViewController.swift; sourceTree = "<group>"; };
		CEA2C17D1AAD21F600CC98F8 /* Base */ = {isa = PBXFileReference; lastKnownFileType = file.storyboard; name = Base; path = Base.lproj/Main.storyboard; sourceTree = "<group>"; };
		CEA2C17F1AAD21F600CC98F8 /* Images.xcassets */ = {isa = PBXFileReference; lastKnownFileType = folder.assetcatalog; path = Images.xcassets; sourceTree = "<group>"; };
		CEA2C1821AAD21F600CC98F8 /* Base */ = {isa = PBXFileReference; lastKnownFileType = file.xib; name = Base; path = Base.lproj/LaunchScreen.xib; sourceTree = "<group>"; };
		CEA2C1881AAD21F600CC98F8 /* PitchPerfectTests.xctest */ = {isa = PBXFileReference; explicitFileType = wrapper.cfbundle; includeInIndex = 0; path = PitchPerfectTests.xctest; sourceTree = BUILT_PRODUCTS_DIR; };
		CEA2C18D1AAD21F600CC98F8 /* Info.plist */ = {isa = PBXFileReference; lastKnownFileType = text.plist.xml; path = Info.plist; sourceTree = "<group>"; };
		CEA2C18E1AAD21F600CC98F8 /* PitchPerfectTests.swift */ = {isa = PBXFileReference; lastKnownFileType = sourcecode.swift; path = PitchPerfectTests.swift; sourceTree = "<group>"; };
		CEC8846A1ABA40F00074D27D /* PlaySoundsViewController.swift */ = {isa = PBXFileReference; fileEncoding = 4; lastKnownFileType = sourcecode.swift; path = PlaySoundsViewController.swift; sourceTree = "<group>"; };
/* End PBXFileReference section */

/* Begin PBXFrameworksBuildPhase section */
		CEA2C1701AAD21F600CC98F8 /* Frameworks */ = {
			isa = PBXFrameworksBuildPhase;
			buildActionMask = 2147483647;
			files = (
			);
			runOnlyForDeploymentPostprocessing = 0;
		};
		CEA2C1851AAD21F600CC98F8 /* Frameworks */ = {
			isa = PBXFrameworksBuildPhase;
			buildActionMask = 2147483647;
			files = (
			);
			runOnlyForDeploymentPostprocessing = 0;
		};
/* End PBXFrameworksBuildPhase section */

/* Begin PBXGroup section */
		CEA2C16A1AAD21F600CC98F8 = {
			isa = PBXGroup;
			children = (
				CEA2C1751AAD21F600CC98F8 /* PitchPerfect */,
				CEA2C18B1AAD21F600CC98F8 /* PitchPerfectTests */,
				CEA2C1741AAD21F600CC98F8 /* Products */,
			);
			sourceTree = "<group>";
		};
		CEA2C1741AAD21F600CC98F8 /* Products */ = {
			isa = PBXGroup;
			children = (
				CEA2C1731AAD21F600CC98F8 /* PitchPerfect.app */,
				CEA2C1881AAD21F600CC98F8 /* PitchPerfectTests.xctest */,
			);
			name = Products;
			sourceTree = "<group>";
		};
		CEA2C1751AAD21F600CC98F8 /* PitchPerfect */ = {
			isa = PBXGroup;
			children = (
				CEA2C1781AAD21F600CC98F8 /* AppDelegate.swift */,
				CEA2C17A1AAD21F600CC98F8 /* RecordSoundsViewController.swift */,
				CE610D7B1AC49ED100A318F3 /* RecordedAudio.swift */,
				CEA2C17C1AAD21F600CC98F8 /* Main.storyboard */,
				CEC8846A1ABA40F00074D27D /* PlaySoundsViewController.swift */,
				CEA2C17F1AAD21F600CC98F8 /* Images.xcassets */,
				CEA2C1811AAD21F600CC98F8 /* LaunchScreen.xib */,
				CEA2C1761AAD21F600CC98F8 /* Supporting Files */,
			);
			path = PitchPerfect;
			sourceTree = "<group>";
		};
		CEA2C1761AAD21F600CC98F8 /* Supporting Files */ = {
			isa = PBXGroup;
			children = (
				CEA2C1771AAD21F600CC98F8 /* Info.plist */,
			);
			name = "Supporting Files";
			sourceTree = "<group>";
		};
		CEA2C18B1AAD21F600CC98F8 /* PitchPerfectTests */ = {
			isa = PBXGroup;
			children = (
				CEA2C18E1AAD21F600CC98F8 /* PitchPerfectTests.swift */,
				CEA2C18C1AAD21F600CC98F8 /* Supporting Files */,
			);
			path = PitchPerfectTests;
			sourceTree = "<group>";
		};
		CEA2C18C1AAD21F600CC98F8 /* Supporting Files */ = {
			isa = PBXGroup;
			children = (
				CEA2C18D1AAD21F600CC98F8 /* Info.plist */,
			);
			name = "Supporting Files";
			sourceTree = "<group>";
		};
/* End PBXGroup section */

/* Begin PBXNativeTarget section */
		CEA2C1721AAD21F600CC98F8 /* PitchPerfect */ = {
			isa = PBXNativeTarget;
			buildConfigurationList = CEA2C1921AAD21F600CC98F8 /* Build configuration list for PBXNativeTarget "PitchPerfect" */;
			buildPhases = (
				CEA2C16F1AAD21F600CC98F8 /* Sources */,
				CEA2C1701AAD21F600CC98F8 /* Frameworks */,
				CEA2C1711AAD21F600CC98F8 /* Resources */,
			);
			buildRules = (
			);
			dependencies = (
			);
			name = PitchPerfect;
			productName = PitchPerfect;
			productReference = CEA2C1731AAD21F600CC98F8 /* PitchPerfect.app */;
			productType = "com.apple.product-type.application";
		};
		CEA2C1871AAD21F600CC98F8 /* PitchPerfectTests */ = {
			isa = PBXNativeTarget;
			buildConfigurationList = CEA2C1951AAD21F600CC98F8 /* Build configuration list for PBXNativeTarget "PitchPerfectTests" */;
			buildPhases = (
				CEA2C1841AAD21F600CC98F8 /* Sources */,
				CEA2C1851AAD21F600CC98F8 /* Frameworks */,
				CEA2C1861AAD21F600CC98F8 /* Resources */,
			);
			buildRules = (
			);
			dependencies = (
				CEA2C18A1AAD21F600CC98F8 /* PBXTargetDependency */,
			);
			name = PitchPerfectTests;
			productName = PitchPerfectTests;
			productReference = CEA2C1881AAD21F600CC98F8 /* PitchPerfectTests.xctest */;
			productType = "com.apple.product-type.bundle.unit-test";
		};
/* End PBXNativeTarget section */

/* Begin PBXProject section */
		CEA2C16B1AAD21F600CC98F8 /* Project object */ = {
			isa = PBXProject;
			attributes = {
				LastUpgradeCheck = 0610;
				ORGANIZATIONNAME = "John Belyeu";
				TargetAttributes = {
					CEA2C1721AAD21F600CC98F8 = {
						CreatedOnToolsVersion = 6.1.1;
					};
					CEA2C1871AAD21F600CC98F8 = {
						CreatedOnToolsVersion = 6.1.1;
						TestTargetID = CEA2C1721AAD21F600CC98F8;
					};
				};
			};
			buildConfigurationList = CEA2C16E1AAD21F600CC98F8 /* Build configuration list for PBXProject "PitchPerfect" */;
			compatibilityVersion = "Xcode 3.2";
			developmentRegion = English;
			hasScannedForEncodings = 0;
			knownRegions = (
				en,
				Base,
			);
			mainGroup = CEA2C16A1AAD21F600CC98F8;
			productRefGroup = CEA2C1741AAD21F600CC98F8 /* Products */;
			projectDirPath = "";
			projectRoot = "";
			targets = (
				CEA2C1721AAD21F600CC98F8 /* PitchPerfect */,
				CEA2C1871AAD21F600CC98F8 /* PitchPerfectTests */,
			);
		};
/* End PBXProject section */

/* Begin PBXResourcesBuildPhase section */
		CEA2C1711AAD21F600CC98F8 /* Resources */ = {
			isa = PBXResourcesBuildPhase;
			buildActionMask = 2147483647;
			files = (
				CEA2C17E1AAD21F600CC98F8 /* Main.storyboard in Resources */,
				CEA2C1831AAD21F600CC98F8 /* LaunchScreen.xib in Resources */,
				CEA2C1801AAD21F600CC98F8 /* Images.xcassets in Resources */,
			);
			runOnlyForDeploymentPostprocessing = 0;
		};
		CEA2C1861AAD21F600CC98F8 /* Resources */ = {
			isa = PBXResourcesBuildPhase;
			buildActionMask = 2147483647;
			files = (
			);
			runOnlyForDeploymentPostprocessing = 0;
		};
/* End PBXResourcesBuildPhase section */

/* Begin PBXSourcesBuildPhase section */
		CEA2C16F1AAD21F600CC98F8 /* Sources */ = {
			isa = PBXSourcesBuildPhase;
			buildActionMask = 2147483647;
			files = (
				CE610D7C1AC49ED100A318F3 /* RecordedAudio.swift in Sources */,
				CEA2C17B1AAD21F600CC98F8 /* RecordSoundsViewController.swift in Sources */,
				CEC8846B1ABA40F00074D27D /* PlaySoundsViewController.swift in Sources */,
				CEA2C1791AAD21F600CC98F8 /* AppDelegate.swift in Sources */,
			);
			runOnlyForDeploymentPostprocessing = 0;
		};
		CEA2C1841AAD21F600CC98F8 /* Sources */ = {
			isa = PBXSourcesBuildPhase;
			buildActionMask = 2147483647;
			files = (
				CEA2C18F1AAD21F600CC98F8 /* PitchPerfectTests.swift in Sources */,
			);
			runOnlyForDeploymentPostprocessing = 0;
		};
/* End PBXSourcesBuildPhase section */

/* Begin PBXTargetDependency section */
		CEA2C18A1AAD21F600CC98F8 /* PBXTargetDependency */ = {
			isa = PBXTargetDependency;
			target = CEA2C1721AAD21F600CC98F8 /* PitchPerfect */;
			targetProxy = CEA2C1891AAD21F600CC98F8 /* PBXContainerItemProxy */;
		};
/* End PBXTargetDependency section */

/* Begin PBXVariantGroup section */
		CEA2C17C1AAD21F600CC98F8 /* Main.storyboard */ = {
			isa = PBXVariantGroup;
			children = (
				CEA2C17D1AAD21F600CC98F8 /* Base */,
			);
			name = Main.storyboard;
			sourceTree = "<group>";
		};
		CEA2C1811AAD21F600CC98F8 /* LaunchScreen.xib */ = {
			isa = PBXVariantGroup;
			children = (
				CEA2C1821AAD21F600CC98F8 /* Base */,
			);
			name = LaunchScreen.xib;
			sourceTree = "<group>";
		};
/* End PBXVariantGroup section */

/* Begin XCBuildConfiguration section */
		CEA2C1901AAD21F600CC98F8 /* Debug */ = {
			isa = XCBuildConfiguration;
			buildSettings = {
				ALWAYS_SEARCH_USER_PATHS = NO;
				CLANG_CXX_LANGUAGE_STANDARD = "gnu++0x";
				CLANG_CXX_LIBRARY = "libc++";
				CLANG_ENABLE_MODULES = YES;
				CLANG_ENABLE_OBJC_ARC = YES;
				CLANG_WARN_BOOL_CONVERSION = YES;
				CLANG_WARN_CONSTANT_CONVERSION = YES;
				CLANG_WARN_DIRECT_OBJC_ISA_USAGE = YES_ERROR;
				CLANG_WARN_EMPTY_BODY = YES;
				CLANG_WARN_ENUM_CONVERSION = YES;
				CLANG_WARN_INT_CONVERSION = YES;
				CLANG_WARN_OBJC_ROOT_CLASS = YES_ERROR;
				CLANG_WARN_UNREACHABLE_CODE = YES;
				CLANG_WARN__DUPLICATE_METHOD_MATCH = YES;
				"CODE_SIGN_IDENTITY[sdk=iphoneos*]" = "iPhone Developer";
				COPY_PHASE_STRIP = NO;
				ENABLE_STRICT_OBJC_MSGSEND = YES;
				GCC_C_LANGUAGE_STANDARD = gnu99;
				GCC_DYNAMIC_NO_PIC = NO;
				GCC_OPTIMIZATION_LEVEL = 0;
				GCC_PREPROCESSOR_DEFINITIONS = (
					"DEBUG=1",
					"$(inherited)",
				);
				GCC_SYMBOLS_PRIVATE_EXTERN = NO;
				GCC_WARN_64_TO_32_BIT_CONVERSION = YES;
				GCC_WARN_ABOUT_RETURN_TYPE = YES_ERROR;
				GCC_WARN_UNDECLARED_SELECTOR = YES;
				GCC_WARN_UNINITIALIZED_AUTOS = YES_AGGRESSIVE;
				GCC_WARN_UNUSED_FUNCTION = YES;
				GCC_WARN_UNUSED_VARIABLE = YES;
				IPHONEOS_DEPLOYMENT_TARGET = 8.1;
				MTL_ENABLE_DEBUG_INFO = YES;
				ONLY_ACTIVE_ARCH = YES;
				SDKROOT = iphoneos;
				SWIFT_OPTIMIZATION_LEVEL = "-Onone";
			};
			name = Debug;
		};
		CEA2C1911AAD21F600CC98F8 /* Release */ = {
			isa = XCBuildConfiguration;
			buildSettings = {
				ALWAYS_SEARCH_USER_PATHS = NO;
				CLANG_CXX_LANGUAGE_STANDARD = "gnu++0x";
				CLANG_CXX_LIBRARY = "libc++";
				CLANG_ENABLE_MODULES = YES;
				CLANG_ENABLE_OBJC_ARC = YES;
				CLANG_WARN_BOOL_CONVERSION = YES;
				CLANG_WARN_CONSTANT_CONVERSION = YES;
				CLANG_WARN_DIRECT_OBJC_ISA_USAGE = YES_ERROR;
				CLANG_WARN_EMPTY_BODY = YES;
				CLANG_WARN_ENUM_CONVERSION = YES;
				CLANG_WARN_INT_CONVERSION = YES;
				CLANG_WARN_OBJC_ROOT_CLASS = YES_ERROR;
				CLANG_WARN_UNREACHABLE_CODE = YES;
				CLANG_WARN__DUPLICATE_METHOD_MATCH = YES;
				"CODE_SIGN_IDENTITY[sdk=iphoneos*]" = "iPhone Developer";
				COPY_PHASE_STRIP = YES;
				ENABLE_NS_ASSERTIONS = NO;
				ENABLE_STRICT_OBJC_MSGSEND = YES;
				GCC_C_LANGUAGE_STANDARD = gnu99;
				GCC_WARN_64_TO_32_BIT_CONVERSION = YES;
				GCC_WARN_ABOUT_RETURN_TYPE = YES_ERROR;
				GCC_WARN_UNDECLARED_SELECTOR = YES;
				GCC_WARN_UNINITIALIZED_AUTOS = YES_AGGRESSIVE;
				GCC_WARN_UNUSED_FUNCTION = YES;
				GCC_WARN_UNUSED_VARIABLE = YES;
				IPHONEOS_DEPLOYMENT_TARGET = 8.1;
				MTL_ENABLE_DEBUG_INFO = NO;
				SDKROOT = iphoneos;
				VALIDATE_PRODUCT = YES;
			};
			name = Release;
		};
		CEA2C1931AAD21F600CC98F8 /* Debug */ = {
			isa = XCBuildConfiguration;
			buildSettings = {
				ASSETCATALOG_COMPILER_APPICON_NAME = AppIcon;
				INFOPLIST_FILE = PitchPerfect/Info.plist;
				LD_RUNPATH_SEARCH_PATHS = "$(inherited) @executable_path/Frameworks";
				PRODUCT_NAME = "$(TARGET_NAME)";
			};
			name = Debug;
		};
		CEA2C1941AAD21F600CC98F8 /* Release */ = {
			isa = XCBuildConfiguration;
			buildSettings = {
				ASSETCATALOG_COMPILER_APPICON_NAME = AppIcon;
				INFOPLIST_FILE = PitchPerfect/Info.plist;
				LD_RUNPATH_SEARCH_PATHS = "$(inherited) @executable_path/Frameworks";
				PRODUCT_NAME = "$(TARGET_NAME)";
			};
			name = Release;
		};
		CEA2C1961AAD21F600CC98F8 /* Debug */ = {
			isa = XCBuildConfiguration;
			buildSettings = {
				BUNDLE_LOADER = "$(TEST_HOST)";
				FRAMEWORK_SEARCH_PATHS = (
					"$(SDKROOT)/Developer/Library/Frameworks",
					"$(inherited)",
				);
				GCC_PREPROCESSOR_DEFINITIONS = (
					"DEBUG=1",
					"$(inherited)",
				);
				INFOPLIST_FILE = PitchPerfectTests/Info.plist;
				LD_RUNPATH_SEARCH_PATHS = "$(inherited) @executable_path/Frameworks @loader_path/Frameworks";
				PRODUCT_NAME = "$(TARGET_NAME)";
				TEST_HOST = "$(BUILT_PRODUCTS_DIR)/PitchPerfect.app/PitchPerfect";
			};
			name = Debug;
		};
		CEA2C1971AAD21F600CC98F8 /* Release */ = {
			isa = XCBuildConfiguration;
			buildSettings = {
				BUNDLE_LOADER = "$(TEST_HOST)";
				FRAMEWORK_SEARCH_PATHS = (
					"$(SDKROOT)/Developer/Library/Frameworks",
					"$(inherited)",
				);
				INFOPLIST_FILE = PitchPerfectTests/Info.plist;
				LD_RUNPATH_SEARCH_PATHS = "$(inherited) @executable_path/Frameworks @loader_path/Frameworks";
				PRODUCT_NAME = "$(TARGET_NAME)";
				TEST_HOST = "$(BUILT_PRODUCTS_DIR)/PitchPerfect.app/PitchPerfect";
			};
			name = Release;
		};
/* End XCBuildConfiguration section */

/* Begin XCConfigurationList section */
		CEA2C16E1AAD21F600CC98F8 /* Build configuration list for PBXProject "PitchPerfect" */ = {
			isa = XCConfigurationList;
			buildConfigurations = (
				CEA2C1901AAD21F600CC98F8 /* Debug */,
				CEA2C1911AAD21F600CC98F8 /* Release */,
			);
			defaultConfigurationIsVisible = 0;
			defaultConfigurationName = Release;
		};
		CEA2C1921AAD21F600CC98F8 /* Build configuration list for PBXNativeTarget "PitchPerfect" */ = {
			isa = XCConfigurationList;
			buildConfigurations = (
				CEA2C1931AAD21F600CC98F8 /* Debug */,
				CEA2C1941AAD21F600CC98F8 /* Release */,
			);
			defaultConfigurationIsVisible = 0;
			defaultConfigurationName = Release;
		};
		CEA2C1951AAD21F600CC98F8 /* Build configuration list for PBXNativeTarget "PitchPerfectTests" */ = {
			isa = XCConfigurationList;
			buildConfigurations = (
				CEA2C1961AAD21F600CC98F8 /* Debug */,
				CEA2C1971AAD21F600CC98F8 /* Release */,
			);
			defaultConfigurationIsVisible = 0;
			defaultConfigurationName = Release;
		};
/* End XCConfigurationList section */
	};
	rootObject = CEA2C16B1AAD21F600CC98F8 /* Project object */;
}
